
Microsoft Visual Studio Solution File, Format Version 12.00
# Visual Studio Version 16
VisualStudioVersion = 16.0.31729.503
MinimumVisualStudioVersion = 10.0.40219.1
Project("{9A19103F-16F7-4668-BE54-9A1E7A4F7556}") = "Learning Basics", "Learning\Learning Basics.csproj", "{AA604524-A272-49B0-A3EA-424735E892CC}"
EndProject
Project("{2150E333-8FDC-42A3-9474-1A3956D46DE8}") = "Solution Items", "Solution Items", "{064F60C4-2297-483E-BADF-8F8047531929}"
EndProject
Project("{FAE04EC0-301F-11D3-BF4B-00C04F79EFBC}") = "generics", "generics\generics.csproj", "{05CDC051-21B3-4690-A5BE-52DD9C0C7F96}"
EndProject
Project("{FAE04EC0-301F-11D3-BF4B-00C04F79EFBC}") = "Delegates example", "Delegates example\Delegates example.csproj", "{094D8CAD-B33C-4D4A-A4DF-2F97AA8DC124}"
EndProject
Project("{FAE04EC0-301F-11D3-BF4B-00C04F79EFBC}") = "Lambda Expressions", "Lambda Expressions\Lambda Expressions.csproj", "{DBB5A8B2-5BDA-4AE4-9E02-2B965631645B}"
EndProject
Project("{FAE04EC0-301F-11D3-BF4B-00C04F79EFBC}") = "Extension Methods", "Extension Methods\Extension Methods.csproj", "{A715F89E-BB14-4F4A-8E59-15FC55FA6672}"
EndProject
Project("{FAE04EC0-301F-11D3-BF4B-00C04F79EFBC}") = "LINQ", "LINQ\LINQ.csproj", "{DC24F50F-07B5-4357-869E-6B4E037D4B1E}"
EndProject
Global
	GlobalSection(SolutionConfigurationPlatforms) = preSolution
		Debug|Any CPU = Debug|Any CPU
		Release|Any CPU = Release|Any CPU
	EndGlobalSection
	GlobalSection(ProjectConfigurationPlatforms) = postSolution
		{AA604524-A272-49B0-A3EA-424735E892CC}.Debug|Any CPU.ActiveCfg = Debug|Any CPU
		{AA604524-A272-49B0-A3EA-424735E892CC}.Debug|Any CPU.Build.0 = Debug|Any CPU
		{AA604524-A272-49B0-A3EA-424735E892CC}.Release|Any CPU.ActiveCfg = Release|Any CPU
		{AA604524-A272-49B0-A3EA-424735E892CC}.Release|Any CPU.Build.0 = Release|Any CPU
		{05CDC051-21B3-4690-A5BE-52DD9C0C7F96}.Debug|Any CPU.ActiveCfg = Debug|Any CPU
		{05CDC051-21B3-4690-A5BE-52DD9C0C7F96}.Debug|Any CPU.Build.0 = Debug|Any CPU
		{05CDC051-21B3-4690-A5BE-52DD9C0C7F96}.Release|Any CPU.ActiveCfg = Release|Any CPU
		{05CDC051-21B3-4690-A5BE-52DD9C0C7F96}.Release|Any CPU.Build.0 = Release|Any CPU
		{094D8CAD-B33C-4D4A-A4DF-2F97AA8DC124}.Debug|Any CPU.ActiveCfg = Debug|Any CPU
		{094D8CAD-B33C-4D4A-A4DF-2F97AA8DC124}.Debug|Any CPU.Build.0 = Debug|Any CPU
		{094D8CAD-B33C-4D4A-A4DF-2F97AA8DC124}.Release|Any CPU.ActiveCfg = Release|Any CPU
		{094D8CAD-B33C-4D4A-A4DF-2F97AA8DC124}.Release|Any CPU.Build.0 = Release|Any CPU
		{DBB5A8B2-5BDA-4AE4-9E02-2B965631645B}.Debug|Any CPU.ActiveCfg = Debug|Any CPU
		{DBB5A8B2-5BDA-4AE4-9E02-2B965631645B}.Debug|Any CPU.Build.0 = Debug|Any CPU
		{DBB5A8B2-5BDA-4AE4-9E02-2B965631645B}.Release|Any CPU.ActiveCfg = Release|Any CPU
		{DBB5A8B2-5BDA-4AE4-9E02-2B965631645B}.Release|Any CPU.Build.0 = Release|Any CPU
		{A715F89E-BB14-4F4A-8E59-15FC55FA6672}.Debug|Any CPU.ActiveCfg = Debug|Any CPU
		{A715F89E-BB14-4F4A-8E59-15FC55FA6672}.Debug|Any CPU.Build.0 = Debug|Any CPU
		{A715F89E-BB14-4F4A-8E59-15FC55FA6672}.Release|Any CPU.ActiveCfg = Release|Any CPU
		{A715F89E-BB14-4F4A-8E59-15FC55FA6672}.Release|Any CPU.Build.0 = Release|Any CPU
		{DC24F50F-07B5-4357-869E-6B4E037D4B1E}.Debug|Any CPU.ActiveCfg = Debug|Any CPU
		{DC24F50F-07B5-4357-869E-6B4E037D4B1E}.Debug|Any CPU.Build.0 = Debug|Any CPU
		{DC24F50F-07B5-4357-869E-6B4E037D4B1E}.Release|Any CPU.ActiveCfg = Release|Any CPU
		{DC24F50F-07B5-4357-869E-6B4E037D4B1E}.Release|Any CPU.Build.0 = Release|Any CPU
	EndGlobalSection
	GlobalSection(SolutionProperties) = preSolution
		HideSolutionNode = FALSE
	EndGlobalSection
	GlobalSection(ExtensibilityGlobals) = postSolution
		SolutionGuid = {DBFDF2E5-256B-4A76-997F-FA5BB7578DEA}
	EndGlobalSection
EndGlobal
