
Microsoft Visual Studio Solution File, Format Version 12.00
# Visual Studio Version 16
VisualStudioVersion = 16.0.31729.503
MinimumVisualStudioVersion = 10.0.40219.1
Project("{9A19103F-16F7-4668-BE54-9A1E7A4F7556}") = "Learning", "Learning\Learning.csproj", "{AA604524-A272-49B0-A3EA-424735E892CC}"
EndProject
Project("{2150E333-8FDC-42A3-9474-1A3956D46DE8}") = "Solution Items", "Solution Items", "{064F60C4-2297-483E-BADF-8F8047531929}"
EndProject
Project("{FAE04EC0-301F-11D3-BF4B-00C04F79EFBC}") = "generics", "generics\generics.csproj", "{05CDC051-21B3-4690-A5BE-52DD9C0C7F96}"
EndProject
Project("{FAE04EC0-301F-11D3-BF4B-00C04F79EFBC}") = "Delegates example", "Delegates example\Delegates example.csproj", "{094D8CAD-B33C-4D4A-A4DF-2F97AA8DC124}"
EndProject
Global
	GlobalSection(SolutionConfigurationPlatforms) = preSolution
		Debug|Any CPU = Debug|Any CPU
		Release|Any CPU = Release|Any CPU
	EndGlobalSection
	GlobalSection(ProjectConfigurationPlatforms) = postSolution
		{AA604524-A272-49B0-A3EA-424735E892CC}.Debug|Any CPU.ActiveCfg = Debug|Any CPU
		{AA604524-A272-49B0-A3EA-424735E892CC}.Debug|Any CPU.Build.0 = Debug|Any CPU
		{AA604524-A272-49B0-A3EA-424735E892CC}.Release|Any CPU.ActiveCfg = Release|Any CPU
		{AA604524-A272-49B0-A3EA-424735E892CC}.Release|Any CPU.Build.0 = Release|Any CPU
		{05CDC051-21B3-4690-A5BE-52DD9C0C7F96}.Debug|Any CPU.ActiveCfg = Debug|Any CPU
		{05CDC051-21B3-4690-A5BE-52DD9C0C7F96}.Debug|Any CPU.Build.0 = Debug|Any CPU
		{05CDC051-21B3-4690-A5BE-52DD9C0C7F96}.Release|Any CPU.ActiveCfg = Release|Any CPU
		{05CDC051-21B3-4690-A5BE-52DD9C0C7F96}.Release|Any CPU.Build.0 = Release|Any CPU
		{094D8CAD-B33C-4D4A-A4DF-2F97AA8DC124}.Debug|Any CPU.ActiveCfg = Debug|Any CPU
		{094D8CAD-B33C-4D4A-A4DF-2F97AA8DC124}.Debug|Any CPU.Build.0 = Debug|Any CPU
		{094D8CAD-B33C-4D4A-A4DF-2F97AA8DC124}.Release|Any CPU.ActiveCfg = Release|Any CPU
		{094D8CAD-B33C-4D4A-A4DF-2F97AA8DC124}.Release|Any CPU.Build.0 = Release|Any CPU
	EndGlobalSection
	GlobalSection(SolutionProperties) = preSolution
		HideSolutionNode = FALSE
	EndGlobalSection
	GlobalSection(ExtensibilityGlobals) = postSolution
		SolutionGuid = {DBFDF2E5-256B-4A76-997F-FA5BB7578DEA}
	EndGlobalSection
EndGlobal
